
Microsoft Visual Studio Solution File, Format Version 12.00
# Visual Studio Version 16
VisualStudioVersion = 16.0.30711.63
MinimumVisualStudioVersion = 10.0.40219.1
Project("{FAE04EC0-301F-11D3-BF4B-00C04F79EFBC}") = "Quantific", "Quantific\Quantific.csproj", "{83BB99B4-7F1B-401F-8961-9FCF222560C2}"
EndProject
Project("{FAE04EC0-301F-11D3-BF4B-00C04F79EFBC}") = "QuantLib", "QuantLib\QuantLib.csproj", "{676862F2-9C0C-4D79-AEDA-0798B30E4EFF}"
EndProject
Project("{FAE04EC0-301F-11D3-BF4B-00C04F79EFBC}") = "ExcelQuant", "ExcelQuant\ExcelQuant.csproj", "{FD50837E-4842-45DF-84AB-280FC1A0EC82}"
EndProject
Global
	GlobalSection(SolutionConfigurationPlatforms) = preSolution
		Debug|Any CPU = Debug|Any CPU
		Release|Any CPU = Release|Any CPU
	EndGlobalSection
	GlobalSection(ProjectConfigurationPlatforms) = postSolution
		{83BB99B4-7F1B-401F-8961-9FCF222560C2}.Debug|Any CPU.ActiveCfg = Debug|Any CPU
		{83BB99B4-7F1B-401F-8961-9FCF222560C2}.Debug|Any CPU.Build.0 = Debug|Any CPU
		{83BB99B4-7F1B-401F-8961-9FCF222560C2}.Release|Any CPU.ActiveCfg = Release|Any CPU
		{83BB99B4-7F1B-401F-8961-9FCF222560C2}.Release|Any CPU.Build.0 = Release|Any CPU
		{676862F2-9C0C-4D79-AEDA-0798B30E4EFF}.Debug|Any CPU.ActiveCfg = Debug|Any CPU
		{676862F2-9C0C-4D79-AEDA-0798B30E4EFF}.Debug|Any CPU.Build.0 = Debug|Any CPU
		{676862F2-9C0C-4D79-AEDA-0798B30E4EFF}.Release|Any CPU.ActiveCfg = Release|Any CPU
		{676862F2-9C0C-4D79-AEDA-0798B30E4EFF}.Release|Any CPU.Build.0 = Release|Any CPU
		{FD50837E-4842-45DF-84AB-280FC1A0EC82}.Debug|Any CPU.ActiveCfg = Debug|Any CPU
		{FD50837E-4842-45DF-84AB-280FC1A0EC82}.Debug|Any CPU.Build.0 = Debug|Any CPU
		{FD50837E-4842-45DF-84AB-280FC1A0EC82}.Release|Any CPU.ActiveCfg = Release|Any CPU
		{FD50837E-4842-45DF-84AB-280FC1A0EC82}.Release|Any CPU.Build.0 = Release|Any CPU
	EndGlobalSection
	GlobalSection(SolutionProperties) = preSolution
		HideSolutionNode = FALSE
	EndGlobalSection
	GlobalSection(ExtensibilityGlobals) = postSolution
		SolutionGuid = {49CBF252-73B3-415D-8BC9-46AD7BAC54B4}
	EndGlobalSection
EndGlobal
